
Microsoft Visual Studio Solution File, Format Version 12.00
# Visual Studio Version 17
VisualStudioVersion = 17.8.34316.72
MinimumVisualStudioVersion = 10.0.40219.1
Project("{FAE04EC0-301F-11D3-BF4B-00C04F79EFBC}") = "ArithmeticOperationsDelegate", "ArithmeticOperationsDelegate\ArithmeticOperationsDelegate.csproj", "{0EE85CCD-7DC3-447B-A8DC-A7C3E8731251}"
EndProject
Global
	GlobalSection(SolutionConfigurationPlatforms) = preSolution
		Debug|Any CPU = Debug|Any CPU
		Release|Any CPU = Release|Any CPU
	EndGlobalSection
	GlobalSection(ProjectConfigurationPlatforms) = postSolution
		{0EE85CCD-7DC3-447B-A8DC-A7C3E8731251}.Debug|Any CPU.ActiveCfg = Debug|Any CPU
		{0EE85CCD-7DC3-447B-A8DC-A7C3E8731251}.Debug|Any CPU.Build.0 = Debug|Any CPU
		{0EE85CCD-7DC3-447B-A8DC-A7C3E8731251}.Release|Any CPU.ActiveCfg = Release|Any CPU
		{0EE85CCD-7DC3-447B-A8DC-A7C3E8731251}.Release|Any CPU.Build.0 = Release|Any CPU
	EndGlobalSection
	GlobalSection(SolutionProperties) = preSolution
		HideSolutionNode = FALSE
	EndGlobalSection
	GlobalSection(ExtensibilityGlobals) = postSolution
		SolutionGuid = {139927FD-4301-4665-8A03-8ACD90FDC1C3}
	EndGlobalSection
EndGlobal
